// !$*UTF8*$!
{
	archiveVersion = 1;
	classes = {
	};
	objectVersion = 55;
	objects = {

/* Begin PBXBuildFile section */
		65337D98286C69C7003A4E51 /* AppDelegate.swift in Sources */ = {isa = PBXBuildFile; fileRef = 65337D97286C69C7003A4E51 /* AppDelegate.swift */; };
		65337D9A286C69C7003A4E51 /* SceneDelegate.swift in Sources */ = {isa = PBXBuildFile; fileRef = 65337D99286C69C7003A4E51 /* SceneDelegate.swift */; };
		65337D9C286C69C7003A4E51 /* StationSearchViewController.swift in Sources */ = {isa = PBXBuildFile; fileRef = 65337D9B286C69C7003A4E51 /* StationSearchViewController.swift */; };
		65337DA1286C69C8003A4E51 /* Assets.xcassets in Resources */ = {isa = PBXBuildFile; fileRef = 65337DA0286C69C8003A4E51 /* Assets.xcassets */; };
		65337DA4286C69C8003A4E51 /* LaunchScreen.storyboard in Resources */ = {isa = PBXBuildFile; fileRef = 65337DA2286C69C8003A4E51 /* LaunchScreen.storyboard */; };
		65337DAD286C6A06003A4E51 /* SnapKit in Frameworks */ = {isa = PBXBuildFile; productRef = 65337DAC286C6A06003A4E51 /* SnapKit */; };
		65337DB0286C6A65003A4E51 /* Alamofire in Frameworks */ = {isa = PBXBuildFile; productRef = 65337DAF286C6A65003A4E51 /* Alamofire */; };
		65337DB3286C7264003A4E51 /* StattionDetailViewController.swift in Sources */ = {isa = PBXBuildFile; fileRef = 65337DB2286C7264003A4E51 /* StattionDetailViewController.swift */; };
		65337DB5286C779C003A4E51 /* StationDetailCollectionViewCell.swift in Sources */ = {isa = PBXBuildFile; fileRef = 65337DB4286C779C003A4E51 /* StationDetailCollectionViewCell.swift */; };
		65337DB7286C7F47003A4E51 /* StationResponseModel.swift in Sources */ = {isa = PBXBuildFile; fileRef = 65337DB6286C7F47003A4E51 /* StationResponseModel.swift */; };
/* End PBXBuildFile section */

/* Begin PBXFileReference section */
		65337D94286C69C7003A4E51 /* SubwayStation.app */ = {isa = PBXFileReference; explicitFileType = wrapper.application; includeInIndex = 0; path = SubwayStation.app; sourceTree = BUILT_PRODUCTS_DIR; };
		65337D97286C69C7003A4E51 /* AppDelegate.swift */ = {isa = PBXFileReference; lastKnownFileType = sourcecode.swift; path = AppDelegate.swift; sourceTree = "<group>"; };
		65337D99286C69C7003A4E51 /* SceneDelegate.swift */ = {isa = PBXFileReference; lastKnownFileType = sourcecode.swift; path = SceneDelegate.swift; sourceTree = "<group>"; };
		65337D9B286C69C7003A4E51 /* StationSearchViewController.swift */ = {isa = PBXFileReference; lastKnownFileType = sourcecode.swift; path = StationSearchViewController.swift; sourceTree = "<group>"; };
		65337DA0286C69C8003A4E51 /* Assets.xcassets */ = {isa = PBXFileReference; lastKnownFileType = folder.assetcatalog; path = Assets.xcassets; sourceTree = "<group>"; };
		65337DA3286C69C8003A4E51 /* Base */ = {isa = PBXFileReference; lastKnownFileType = file.storyboard; name = Base; path = Base.lproj/LaunchScreen.storyboard; sourceTree = "<group>"; };
		65337DA5286C69C8003A4E51 /* Info.plist */ = {isa = PBXFileReference; lastKnownFileType = text.plist.xml; path = Info.plist; sourceTree = "<group>"; };
		65337DB2286C7264003A4E51 /* StattionDetailViewController.swift */ = {isa = PBXFileReference; lastKnownFileType = sourcecode.swift; path = StattionDetailViewController.swift; sourceTree = "<group>"; };
		65337DB4286C779C003A4E51 /* StationDetailCollectionViewCell.swift */ = {isa = PBXFileReference; lastKnownFileType = sourcecode.swift; path = StationDetailCollectionViewCell.swift; sourceTree = "<group>"; };
		65337DB6286C7F47003A4E51 /* StationResponseModel.swift */ = {isa = PBXFileReference; lastKnownFileType = sourcecode.swift; path = StationResponseModel.swift; sourceTree = "<group>"; };
/* End PBXFileReference section */

/* Begin PBXFrameworksBuildPhase section */
		65337D91286C69C7003A4E51 /* Frameworks */ = {
			isa = PBXFrameworksBuildPhase;
			buildActionMask = 2147483647;
			files = (
				65337DAD286C6A06003A4E51 /* SnapKit in Frameworks */,
				65337DB0286C6A65003A4E51 /* Alamofire in Frameworks */,
			);
			runOnlyForDeploymentPostprocessing = 0;
		};
/* End PBXFrameworksBuildPhase section */

/* Begin PBXGroup section */
		65337D8B286C69C7003A4E51 = {
			isa = PBXGroup;
			children = (
				65337D96286C69C7003A4E51 /* SubwayStation */,
				65337D95286C69C7003A4E51 /* Products */,
			);
			sourceTree = "<group>";
		};
		65337D95286C69C7003A4E51 /* Products */ = {
			isa = PBXGroup;
			children = (
				65337D94286C69C7003A4E51 /* SubwayStation.app */,
			);
			name = Products;
			sourceTree = "<group>";
		};
		65337D96286C69C7003A4E51 /* SubwayStation */ = {
			isa = PBXGroup;
			children = (
				65337D97286C69C7003A4E51 /* AppDelegate.swift */,
				65337D99286C69C7003A4E51 /* SceneDelegate.swift */,
				65337DB6286C7F47003A4E51 /* StationResponseModel.swift */,
				65337DB1286C7249003A4E51 /* Scenes */,
				65337DA0286C69C8003A4E51 /* Assets.xcassets */,
				65337DA2286C69C8003A4E51 /* LaunchScreen.storyboard */,
				65337DA5286C69C8003A4E51 /* Info.plist */,
			);
			path = SubwayStation;
			sourceTree = "<group>";
		};
		65337DB1286C7249003A4E51 /* Scenes */ = {
			isa = PBXGroup;
			children = (
				65337D9B286C69C7003A4E51 /* StationSearchViewController.swift */,
				65337DB2286C7264003A4E51 /* StattionDetailViewController.swift */,
				65337DB4286C779C003A4E51 /* StationDetailCollectionViewCell.swift */,
			);
			path = Scenes;
			sourceTree = "<group>";
		};
/* End PBXGroup section */

/* Begin PBXNativeTarget section */
		65337D93286C69C7003A4E51 /* SubwayStation */ = {
			isa = PBXNativeTarget;
			buildConfigurationList = 65337DA8286C69C8003A4E51 /* Build configuration list for PBXNativeTarget "SubwayStation" */;
			buildPhases = (
				65337D90286C69C7003A4E51 /* Sources */,
				65337D91286C69C7003A4E51 /* Frameworks */,
				65337D92286C69C7003A4E51 /* Resources */,
			);
			buildRules = (
			);
			dependencies = (
			);
			name = SubwayStation;
			packageProductDependencies = (
				65337DAC286C6A06003A4E51 /* SnapKit */,
				65337DAF286C6A65003A4E51 /* Alamofire */,
			);
			productName = SubwayStation;
			productReference = 65337D94286C69C7003A4E51 /* SubwayStation.app */;
			productType = "com.apple.product-type.application";
		};
/* End PBXNativeTarget section */

/* Begin PBXProject section */
		65337D8C286C69C7003A4E51 /* Project object */ = {
			isa = PBXProject;
			attributes = {
				BuildIndependentTargetsInParallel = 1;
				LastSwiftUpdateCheck = 1340;
				LastUpgradeCheck = 1340;
				TargetAttributes = {
					65337D93286C69C7003A4E51 = {
						CreatedOnToolsVersion = 13.4.1;
					};
				};
			};
			buildConfigurationList = 65337D8F286C69C7003A4E51 /* Build configuration list for PBXProject "SubwayStation" */;
			compatibilityVersion = "Xcode 13.0";
			developmentRegion = en;
			hasScannedForEncodings = 0;
			knownRegions = (
				en,
				Base,
			);
			mainGroup = 65337D8B286C69C7003A4E51;
			packageReferences = (
				65337DAB286C6A06003A4E51 /* XCRemoteSwiftPackageReference "SnapKit" */,
				65337DAE286C6A65003A4E51 /* XCRemoteSwiftPackageReference "Alamofire" */,
			);
			productRefGroup = 65337D95286C69C7003A4E51 /* Products */;
			projectDirPath = "";
			projectRoot = "";
			targets = (
				65337D93286C69C7003A4E51 /* SubwayStation */,
			);
		};
/* End PBXProject section */

/* Begin PBXResourcesBuildPhase section */
		65337D92286C69C7003A4E51 /* Resources */ = {
			isa = PBXResourcesBuildPhase;
			buildActionMask = 2147483647;
			files = (
				65337DA4286C69C8003A4E51 /* LaunchScreen.storyboard in Resources */,
				65337DA1286C69C8003A4E51 /* Assets.xcassets in Resources */,
			);
			runOnlyForDeploymentPostprocessing = 0;
		};
/* End PBXResourcesBuildPhase section */

/* Begin PBXSourcesBuildPhase section */
		65337D90286C69C7003A4E51 /* Sources */ = {
			isa = PBXSourcesBuildPhase;
			buildActionMask = 2147483647;
			files = (
				65337D9C286C69C7003A4E51 /* StationSearchViewController.swift in Sources */,
				65337DB7286C7F47003A4E51 /* StationResponseModel.swift in Sources */,
				65337DB3286C7264003A4E51 /* StattionDetailViewController.swift in Sources */,
				65337D98286C69C7003A4E51 /* AppDelegate.swift in Sources */,
				65337DB5286C779C003A4E51 /* StationDetailCollectionViewCell.swift in Sources */,
				65337D9A286C69C7003A4E51 /* SceneDelegate.swift in Sources */,
			);
			runOnlyForDeploymentPostprocessing = 0;
		};
/* End PBXSourcesBuildPhase section */

/* Begin PBXVariantGroup section */
		65337DA2286C69C8003A4E51 /* LaunchScreen.storyboard */ = {
			isa = PBXVariantGroup;
			children = (
				65337DA3286C69C8003A4E51 /* Base */,
			);
			name = LaunchScreen.storyboard;
			sourceTree = "<group>";
		};
/* End PBXVariantGroup section */

/* Begin XCBuildConfiguration section */
		65337DA6286C69C8003A4E51 /* Debug */ = {
			isa = XCBuildConfiguration;
			buildSettings = {
				ALWAYS_SEARCH_USER_PATHS = NO;
				CLANG_ANALYZER_NONNULL = YES;
				CLANG_ANALYZER_NUMBER_OBJECT_CONVERSION = YES_AGGRESSIVE;
				CLANG_CXX_LANGUAGE_STANDARD = "gnu++17";
				CLANG_ENABLE_MODULES = YES;
				CLANG_ENABLE_OBJC_ARC = YES;
				CLANG_ENABLE_OBJC_WEAK = YES;
				CLANG_WARN_BLOCK_CAPTURE_AUTORELEASING = YES;
				CLANG_WARN_BOOL_CONVERSION = YES;
				CLANG_WARN_COMMA = YES;
				CLANG_WARN_CONSTANT_CONVERSION = YES;
				CLANG_WARN_DEPRECATED_OBJC_IMPLEMENTATIONS = YES;
				CLANG_WARN_DIRECT_OBJC_ISA_USAGE = YES_ERROR;
				CLANG_WARN_DOCUMENTATION_COMMENTS = YES;
				CLANG_WARN_EMPTY_BODY = YES;
				CLANG_WARN_ENUM_CONVERSION = YES;
				CLANG_WARN_INFINITE_RECURSION = YES;
				CLANG_WARN_INT_CONVERSION = YES;
				CLANG_WARN_NON_LITERAL_NULL_CONVERSION = YES;
				CLANG_WARN_OBJC_IMPLICIT_RETAIN_SELF = YES;
				CLANG_WARN_OBJC_LITERAL_CONVERSION = YES;
				CLANG_WARN_OBJC_ROOT_CLASS = YES_ERROR;
				CLANG_WARN_QUOTED_INCLUDE_IN_FRAMEWORK_HEADER = YES;
				CLANG_WARN_RANGE_LOOP_ANALYSIS = YES;
				CLANG_WARN_STRICT_PROTOTYPES = YES;
				CLANG_WARN_SUSPICIOUS_MOVE = YES;
				CLANG_WARN_UNGUARDED_AVAILABILITY = YES_AGGRESSIVE;
				CLANG_WARN_UNREACHABLE_CODE = YES;
				CLANG_WARN__DUPLICATE_METHOD_MATCH = YES;
				COPY_PHASE_STRIP = NO;
				DEBUG_INFORMATION_FORMAT = dwarf;
				ENABLE_STRICT_OBJC_MSGSEND = YES;
				ENABLE_TESTABILITY = YES;
				GCC_C_LANGUAGE_STANDARD = gnu11;
				GCC_DYNAMIC_NO_PIC = NO;
				GCC_NO_COMMON_BLOCKS = YES;
				GCC_OPTIMIZATION_LEVEL = 0;
				GCC_PREPROCESSOR_DEFINITIONS = (
					"DEBUG=1",
					"$(inherited)",
				);
				GCC_WARN_64_TO_32_BIT_CONVERSION = YES;
				GCC_WARN_ABOUT_RETURN_TYPE = YES_ERROR;
				GCC_WARN_UNDECLARED_SELECTOR = YES;
				GCC_WARN_UNINITIALIZED_AUTOS = YES_AGGRESSIVE;
				GCC_WARN_UNUSED_FUNCTION = YES;
				GCC_WARN_UNUSED_VARIABLE = YES;
				IPHONEOS_DEPLOYMENT_TARGET = 15.5;
				MTL_ENABLE_DEBUG_INFO = INCLUDE_SOURCE;
				MTL_FAST_MATH = YES;
				ONLY_ACTIVE_ARCH = YES;
				SDKROOT = iphoneos;
				SWIFT_ACTIVE_COMPILATION_CONDITIONS = DEBUG;
				SWIFT_OPTIMIZATION_LEVEL = "-Onone";
			};
			name = Debug;
		};
		65337DA7286C69C8003A4E51 /* Release */ = {
			isa = XCBuildConfiguration;
			buildSettings = {
				ALWAYS_SEARCH_USER_PATHS = NO;
				CLANG_ANALYZER_NONNULL = YES;
				CLANG_ANALYZER_NUMBER_OBJECT_CONVERSION = YES_AGGRESSIVE;
				CLANG_CXX_LANGUAGE_STANDARD = "gnu++17";
				CLANG_ENABLE_MODULES = YES;
				CLANG_ENABLE_OBJC_ARC = YES;
				CLANG_ENABLE_OBJC_WEAK = YES;
				CLANG_WARN_BLOCK_CAPTURE_AUTORELEASING = YES;
				CLANG_WARN_BOOL_CONVERSION = YES;
				CLANG_WARN_COMMA = YES;
				CLANG_WARN_CONSTANT_CONVERSION = YES;
				CLANG_WARN_DEPRECATED_OBJC_IMPLEMENTATIONS = YES;
				CLANG_WARN_DIRECT_OBJC_ISA_USAGE = YES_ERROR;
				CLANG_WARN_DOCUMENTATION_COMMENTS = YES;
				CLANG_WARN_EMPTY_BODY = YES;
				CLANG_WARN_ENUM_CONVERSION = YES;
				CLANG_WARN_INFINITE_RECURSION = YES;
				CLANG_WARN_INT_CONVERSION = YES;
				CLANG_WARN_NON_LITERAL_NULL_CONVERSION = YES;
				CLANG_WARN_OBJC_IMPLICIT_RETAIN_SELF = YES;
				CLANG_WARN_OBJC_LITERAL_CONVERSION = YES;
				CLANG_WARN_OBJC_ROOT_CLASS = YES_ERROR;
				CLANG_WARN_QUOTED_INCLUDE_IN_FRAMEWORK_HEADER = YES;
				CLANG_WARN_RANGE_LOOP_ANALYSIS = YES;
				CLANG_WARN_STRICT_PROTOTYPES = YES;
				CLANG_WARN_SUSPICIOUS_MOVE = YES;
				CLANG_WARN_UNGUARDED_AVAILABILITY = YES_AGGRESSIVE;
				CLANG_WARN_UNREACHABLE_CODE = YES;
				CLANG_WARN__DUPLICATE_METHOD_MATCH = YES;
				COPY_PHASE_STRIP = NO;
				DEBUG_INFORMATION_FORMAT = "dwarf-with-dsym";
				ENABLE_NS_ASSERTIONS = NO;
				ENABLE_STRICT_OBJC_MSGSEND = YES;
				GCC_C_LANGUAGE_STANDARD = gnu11;
				GCC_NO_COMMON_BLOCKS = YES;
				GCC_WARN_64_TO_32_BIT_CONVERSION = YES;
				GCC_WARN_ABOUT_RETURN_TYPE = YES_ERROR;
				GCC_WARN_UNDECLARED_SELECTOR = YES;
				GCC_WARN_UNINITIALIZED_AUTOS = YES_AGGRESSIVE;
				GCC_WARN_UNUSED_FUNCTION = YES;
				GCC_WARN_UNUSED_VARIABLE = YES;
				IPHONEOS_DEPLOYMENT_TARGET = 15.5;
				MTL_ENABLE_DEBUG_INFO = NO;
				MTL_FAST_MATH = YES;
				SDKROOT = iphoneos;
				SWIFT_COMPILATION_MODE = wholemodule;
				SWIFT_OPTIMIZATION_LEVEL = "-O";
				VALIDATE_PRODUCT = YES;
			};
			name = Release;
		};
		65337DA9286C69C8003A4E51 /* Debug */ = {
			isa = XCBuildConfiguration;
			buildSettings = {
				ASSETCATALOG_COMPILER_APPICON_NAME = AppIcon;
				ASSETCATALOG_COMPILER_GLOBAL_ACCENT_COLOR_NAME = AccentColor;
				CODE_SIGN_STYLE = Automatic;
				CURRENT_PROJECT_VERSION = 1;
				DEVELOPMENT_TEAM = B434W34DLF;
				GENERATE_INFOPLIST_FILE = YES;
				INFOPLIST_FILE = SubwayStation/Info.plist;
				INFOPLIST_KEY_UIApplicationSupportsIndirectInputEvents = YES;
				INFOPLIST_KEY_UILaunchStoryboardName = LaunchScreen;
				INFOPLIST_KEY_UISupportedInterfaceOrientations_iPad = "UIInterfaceOrientationPortrait UIInterfaceOrientationPortraitUpsideDown UIInterfaceOrientationLandscapeLeft UIInterfaceOrientationLandscapeRight";
				INFOPLIST_KEY_UISupportedInterfaceOrientations_iPhone = "UIInterfaceOrientationPortrait UIInterfaceOrientationLandscapeLeft UIInterfaceOrientationLandscapeRight";
				LD_RUNPATH_SEARCH_PATHS = (
					"$(inherited)",
					"@executable_path/Frameworks",
				);
				MARKETING_VERSION = 1.0;
				PRODUCT_BUNDLE_IDENTIFIER = "kr.ac.kpu.-.SubwayStation";
				PRODUCT_NAME = "$(TARGET_NAME)";
				SWIFT_EMIT_LOC_STRINGS = YES;
				SWIFT_VERSION = 5.0;
				TARGETED_DEVICE_FAMILY = "1,2";
			};
			name = Debug;
		};
		65337DAA286C69C8003A4E51 /* Release */ = {
			isa = XCBuildConfiguration;
			buildSettings = {
				ASSETCATALOG_COMPILER_APPICON_NAME = AppIcon;
				ASSETCATALOG_COMPILER_GLOBAL_ACCENT_COLOR_NAME = AccentColor;
				CODE_SIGN_STYLE = Automatic;
				CURRENT_PROJECT_VERSION = 1;
				DEVELOPMENT_TEAM = B434W34DLF;
				GENERATE_INFOPLIST_FILE = YES;
				INFOPLIST_FILE = SubwayStation/Info.plist;
				INFOPLIST_KEY_UIApplicationSupportsIndirectInputEvents = YES;
				INFOPLIST_KEY_UILaunchStoryboardName = LaunchScreen;
				INFOPLIST_KEY_UISupportedInterfaceOrientations_iPad = "UIInterfaceOrientationPortrait UIInterfaceOrientationPortraitUpsideDown UIInterfaceOrientationLandscapeLeft UIInterfaceOrientationLandscapeRight";
				INFOPLIST_KEY_UISupportedInterfaceOrientations_iPhone = "UIInterfaceOrientationPortrait UIInterfaceOrientationLandscapeLeft UIInterfaceOrientationLandscapeRight";
				LD_RUNPATH_SEARCH_PATHS = (
					"$(inherited)",
					"@executable_path/Frameworks",
				);
				MARKETING_VERSION = 1.0;
				PRODUCT_BUNDLE_IDENTIFIER = "kr.ac.kpu.-.SubwayStation";
				PRODUCT_NAME = "$(TARGET_NAME)";
				SWIFT_EMIT_LOC_STRINGS = YES;
				SWIFT_VERSION = 5.0;
				TARGETED_DEVICE_FAMILY = "1,2";
			};
			name = Release;
		};
/* End XCBuildConfiguration section */

/* Begin XCConfigurationList section */
		65337D8F286C69C7003A4E51 /* Build configuration list for PBXProject "SubwayStation" */ = {
			isa = XCConfigurationList;
			buildConfigurations = (
				65337DA6286C69C8003A4E51 /* Debug */,
				65337DA7286C69C8003A4E51 /* Release */,
			);
			defaultConfigurationIsVisible = 0;
			defaultConfigurationName = Release;
		};
		65337DA8286C69C8003A4E51 /* Build configuration list for PBXNativeTarget "SubwayStation" */ = {
			isa = XCConfigurationList;
			buildConfigurations = (
				65337DA9286C69C8003A4E51 /* Debug */,
				65337DAA286C69C8003A4E51 /* Release */,
			);
			defaultConfigurationIsVisible = 0;
			defaultConfigurationName = Release;
		};
/* End XCConfigurationList section */

/* Begin XCRemoteSwiftPackageReference section */
		65337DAB286C6A06003A4E51 /* XCRemoteSwiftPackageReference "SnapKit" */ = {
			isa = XCRemoteSwiftPackageReference;
			repositoryURL = "https://github.com/SnapKit/SnapKit.git";
			requirement = {
				kind = upToNextMajorVersion;
				minimumVersion = 5.0.0;
			};
		};
		65337DAE286C6A65003A4E51 /* XCRemoteSwiftPackageReference "Alamofire" */ = {
			isa = XCRemoteSwiftPackageReference;
			repositoryURL = "https://github.com/Alamofire/Alamofire";
			requirement = {
				kind = upToNextMajorVersion;
				minimumVersion = 5.0.0;
			};
		};
/* End XCRemoteSwiftPackageReference section */

/* Begin XCSwiftPackageProductDependency section */
		65337DAC286C6A06003A4E51 /* SnapKit */ = {
			isa = XCSwiftPackageProductDependency;
			package = 65337DAB286C6A06003A4E51 /* XCRemoteSwiftPackageReference "SnapKit" */;
			productName = SnapKit;
		};
		65337DAF286C6A65003A4E51 /* Alamofire */ = {
			isa = XCSwiftPackageProductDependency;
			package = 65337DAE286C6A65003A4E51 /* XCRemoteSwiftPackageReference "Alamofire" */;
			productName = Alamofire;
		};
/* End XCSwiftPackageProductDependency section */
	};
	rootObject = 65337D8C286C69C7003A4E51 /* Project object */;
}
