// !$*UTF8*$!
{
	archiveVersion = 1;
	classes = {
	};
	objectVersion = 55;
	objects = {

/* Begin PBXBuildFile section */
		65214A25286330760049471D /* AppDelegate.swift in Sources */ = {isa = PBXBuildFile; fileRef = 65214A24286330760049471D /* AppDelegate.swift */; };
		65214A27286330760049471D /* SceneDelegate.swift in Sources */ = {isa = PBXBuildFile; fileRef = 65214A26286330760049471D /* SceneDelegate.swift */; };
		65214A2E286330770049471D /* Assets.xcassets in Resources */ = {isa = PBXBuildFile; fileRef = 65214A2D286330770049471D /* Assets.xcassets */; };
		65214A31286330770049471D /* LaunchScreen.storyboard in Resources */ = {isa = PBXBuildFile; fileRef = 65214A2F286330770049471D /* LaunchScreen.storyboard */; };
		65214A3A286330A20049471D /* Kingfisher in Frameworks */ = {isa = PBXBuildFile; productRef = 65214A39286330A20049471D /* Kingfisher */; };
		65214A3D286330B20049471D /* SnapKit in Frameworks */ = {isa = PBXBuildFile; productRef = 65214A3C286330B20049471D /* SnapKit */; };
		65214A3F286332200049471D /* TabBarController.swift in Sources */ = {isa = PBXBuildFile; fileRef = 65214A3E286332200049471D /* TabBarController.swift */; };
		65214A43286337110049471D /* TodayViewController.swift in Sources */ = {isa = PBXBuildFile; fileRef = 65214A42286337110049471D /* TodayViewController.swift */; };
		65214A4528633B080049471D /* TodayCollectionViewCell.swift in Sources */ = {isa = PBXBuildFile; fileRef = 65214A4428633B080049471D /* TodayCollectionViewCell.swift */; };
		6539BF282869C6C300B08943 /* AppViewController.swift in Sources */ = {isa = PBXBuildFile; fileRef = 6539BF272869C6C300B08943 /* AppViewController.swift */; };
		6539BF2B2869CC8500B08943 /* FeatureSectionView.swift in Sources */ = {isa = PBXBuildFile; fileRef = 6539BF2A2869CC8500B08943 /* FeatureSectionView.swift */; };
		6539BF2D2869D0B900B08943 /* FeatureSectionCollectionViewCell.swift in Sources */ = {isa = PBXBuildFile; fileRef = 6539BF2C2869D0B900B08943 /* FeatureSectionCollectionViewCell.swift */; };
		6539BF2F2869D41E00B08943 /* SeparatorView.swift in Sources */ = {isa = PBXBuildFile; fileRef = 6539BF2E2869D41E00B08943 /* SeparatorView.swift */; };
		6539BF312869D60F00B08943 /* RankingFeatureSectionView.swift in Sources */ = {isa = PBXBuildFile; fileRef = 6539BF302869D60F00B08943 /* RankingFeatureSectionView.swift */; };
		6539BF332869DC4600B08943 /* RankingFeatureCollectionViewCell.swift in Sources */ = {isa = PBXBuildFile; fileRef = 6539BF322869DC4600B08943 /* RankingFeatureCollectionViewCell.swift */; };
		6539BF352869E1F400B08943 /* ExchangeCodeButtonView.swift in Sources */ = {isa = PBXBuildFile; fileRef = 6539BF342869E1F400B08943 /* ExchangeCodeButtonView.swift */; };
		65D187ED28633F2300FD3E19 /* TodayCollectionHeaderView.swift in Sources */ = {isa = PBXBuildFile; fileRef = 65D187EC28633F2300FD3E19 /* TodayCollectionHeaderView.swift */; };
/* End PBXBuildFile section */

/* Begin PBXFileReference section */
		65214A21286330760049471D /* AppStore.app */ = {isa = PBXFileReference; explicitFileType = wrapper.application; includeInIndex = 0; path = AppStore.app; sourceTree = BUILT_PRODUCTS_DIR; };
		65214A24286330760049471D /* AppDelegate.swift */ = {isa = PBXFileReference; lastKnownFileType = sourcecode.swift; path = AppDelegate.swift; sourceTree = "<group>"; };
		65214A26286330760049471D /* SceneDelegate.swift */ = {isa = PBXFileReference; lastKnownFileType = sourcecode.swift; path = SceneDelegate.swift; sourceTree = "<group>"; };
		65214A2D286330770049471D /* Assets.xcassets */ = {isa = PBXFileReference; lastKnownFileType = folder.assetcatalog; path = Assets.xcassets; sourceTree = "<group>"; };
		65214A30286330770049471D /* Base */ = {isa = PBXFileReference; lastKnownFileType = file.storyboard; name = Base; path = Base.lproj/LaunchScreen.storyboard; sourceTree = "<group>"; };
		65214A32286330770049471D /* Info.plist */ = {isa = PBXFileReference; lastKnownFileType = text.plist.xml; path = Info.plist; sourceTree = "<group>"; };
		65214A3E286332200049471D /* TabBarController.swift */ = {isa = PBXFileReference; lastKnownFileType = sourcecode.swift; path = TabBarController.swift; sourceTree = "<group>"; };
		65214A42286337110049471D /* TodayViewController.swift */ = {isa = PBXFileReference; lastKnownFileType = sourcecode.swift; path = TodayViewController.swift; sourceTree = "<group>"; };
		65214A4428633B080049471D /* TodayCollectionViewCell.swift */ = {isa = PBXFileReference; lastKnownFileType = sourcecode.swift; path = TodayCollectionViewCell.swift; sourceTree = "<group>"; };
		6539BF272869C6C300B08943 /* AppViewController.swift */ = {isa = PBXFileReference; lastKnownFileType = sourcecode.swift; path = AppViewController.swift; sourceTree = "<group>"; };
		6539BF2A2869CC8500B08943 /* FeatureSectionView.swift */ = {isa = PBXFileReference; lastKnownFileType = sourcecode.swift; path = FeatureSectionView.swift; sourceTree = "<group>"; };
		6539BF2C2869D0B900B08943 /* FeatureSectionCollectionViewCell.swift */ = {isa = PBXFileReference; lastKnownFileType = sourcecode.swift; path = FeatureSectionCollectionViewCell.swift; sourceTree = "<group>"; };
		6539BF2E2869D41E00B08943 /* SeparatorView.swift */ = {isa = PBXFileReference; lastKnownFileType = sourcecode.swift; path = SeparatorView.swift; sourceTree = "<group>"; };
		6539BF302869D60F00B08943 /* RankingFeatureSectionView.swift */ = {isa = PBXFileReference; lastKnownFileType = sourcecode.swift; path = RankingFeatureSectionView.swift; sourceTree = "<group>"; };
		6539BF322869DC4600B08943 /* RankingFeatureCollectionViewCell.swift */ = {isa = PBXFileReference; lastKnownFileType = sourcecode.swift; path = RankingFeatureCollectionViewCell.swift; sourceTree = "<group>"; };
		6539BF342869E1F400B08943 /* ExchangeCodeButtonView.swift */ = {isa = PBXFileReference; lastKnownFileType = sourcecode.swift; path = ExchangeCodeButtonView.swift; sourceTree = "<group>"; };
		65D187EC28633F2300FD3E19 /* TodayCollectionHeaderView.swift */ = {isa = PBXFileReference; lastKnownFileType = sourcecode.swift; path = TodayCollectionHeaderView.swift; sourceTree = "<group>"; };
/* End PBXFileReference section */

/* Begin PBXFrameworksBuildPhase section */
		65214A1E286330760049471D /* Frameworks */ = {
			isa = PBXFrameworksBuildPhase;
			buildActionMask = 2147483647;
			files = (
				65214A3A286330A20049471D /* Kingfisher in Frameworks */,
				65214A3D286330B20049471D /* SnapKit in Frameworks */,
			);
			runOnlyForDeploymentPostprocessing = 0;
		};
/* End PBXFrameworksBuildPhase section */

/* Begin PBXGroup section */
		65214A18286330760049471D = {
			isa = PBXGroup;
			children = (
				65214A23286330760049471D /* AppStore */,
				65214A22286330760049471D /* Products */,
			);
			sourceTree = "<group>";
		};
		65214A22286330760049471D /* Products */ = {
			isa = PBXGroup;
			children = (
				65214A21286330760049471D /* AppStore.app */,
			);
			name = Products;
			sourceTree = "<group>";
		};
		65214A23286330760049471D /* AppStore */ = {
			isa = PBXGroup;
			children = (
				65214A24286330760049471D /* AppDelegate.swift */,
				65214A26286330760049471D /* SceneDelegate.swift */,
				65214A40286336E50049471D /* Scenes */,
				65214A2D286330770049471D /* Assets.xcassets */,
				65214A2F286330770049471D /* LaunchScreen.storyboard */,
				65214A32286330770049471D /* Info.plist */,
			);
			path = AppStore;
			sourceTree = "<group>";
		};
		65214A40286336E50049471D /* Scenes */ = {
			isa = PBXGroup;
			children = (
				6539BF292869C6C800B08943 /* App */,
				65214A41286337010049471D /* Today */,
				65214A3E286332200049471D /* TabBarController.swift */,
			);
			path = Scenes;
			sourceTree = "<group>";
		};
		65214A41286337010049471D /* Today */ = {
			isa = PBXGroup;
			children = (
				65214A42286337110049471D /* TodayViewController.swift */,
				65214A4428633B080049471D /* TodayCollectionViewCell.swift */,
				65D187EC28633F2300FD3E19 /* TodayCollectionHeaderView.swift */,
			);
			path = Today;
			sourceTree = "<group>";
		};
		6539BF292869C6C800B08943 /* App */ = {
			isa = PBXGroup;
			children = (
				6539BF272869C6C300B08943 /* AppViewController.swift */,
				6539BF2A2869CC8500B08943 /* FeatureSectionView.swift */,
				6539BF2C2869D0B900B08943 /* FeatureSectionCollectionViewCell.swift */,
				6539BF2E2869D41E00B08943 /* SeparatorView.swift */,
				6539BF302869D60F00B08943 /* RankingFeatureSectionView.swift */,
				6539BF322869DC4600B08943 /* RankingFeatureCollectionViewCell.swift */,
				6539BF342869E1F400B08943 /* ExchangeCodeButtonView.swift */,
			);
			path = App;
			sourceTree = "<group>";
		};
/* End PBXGroup section */

/* Begin PBXNativeTarget section */
		65214A20286330760049471D /* AppStore */ = {
			isa = PBXNativeTarget;
			buildConfigurationList = 65214A35286330770049471D /* Build configuration list for PBXNativeTarget "AppStore" */;
			buildPhases = (
				65214A1D286330760049471D /* Sources */,
				65214A1E286330760049471D /* Frameworks */,
				65214A1F286330760049471D /* Resources */,
			);
			buildRules = (
			);
			dependencies = (
			);
			name = AppStore;
			packageProductDependencies = (
				65214A39286330A20049471D /* Kingfisher */,
				65214A3C286330B20049471D /* SnapKit */,
			);
			productName = AppStore;
			productReference = 65214A21286330760049471D /* AppStore.app */;
			productType = "com.apple.product-type.application";
		};
/* End PBXNativeTarget section */

/* Begin PBXProject section */
		65214A19286330760049471D /* Project object */ = {
			isa = PBXProject;
			attributes = {
				BuildIndependentTargetsInParallel = 1;
				LastSwiftUpdateCheck = 1340;
				LastUpgradeCheck = 1340;
				TargetAttributes = {
					65214A20286330760049471D = {
						CreatedOnToolsVersion = 13.4.1;
					};
				};
			};
			buildConfigurationList = 65214A1C286330760049471D /* Build configuration list for PBXProject "AppStore" */;
			compatibilityVersion = "Xcode 13.0";
			developmentRegion = en;
			hasScannedForEncodings = 0;
			knownRegions = (
				en,
				Base,
			);
			mainGroup = 65214A18286330760049471D;
			packageReferences = (
				65214A38286330A20049471D /* XCRemoteSwiftPackageReference "Kingfisher" */,
				65214A3B286330B20049471D /* XCRemoteSwiftPackageReference "SnapKit" */,
			);
			productRefGroup = 65214A22286330760049471D /* Products */;
			projectDirPath = "";
			projectRoot = "";
			targets = (
				65214A20286330760049471D /* AppStore */,
			);
		};
/* End PBXProject section */

/* Begin PBXResourcesBuildPhase section */
		65214A1F286330760049471D /* Resources */ = {
			isa = PBXResourcesBuildPhase;
			buildActionMask = 2147483647;
			files = (
				65214A31286330770049471D /* LaunchScreen.storyboard in Resources */,
				65214A2E286330770049471D /* Assets.xcassets in Resources */,
			);
			runOnlyForDeploymentPostprocessing = 0;
		};
/* End PBXResourcesBuildPhase section */

/* Begin PBXSourcesBuildPhase section */
		65214A1D286330760049471D /* Sources */ = {
			isa = PBXSourcesBuildPhase;
			buildActionMask = 2147483647;
			files = (
				6539BF2F2869D41E00B08943 /* SeparatorView.swift in Sources */,
				65214A43286337110049471D /* TodayViewController.swift in Sources */,
				6539BF352869E1F400B08943 /* ExchangeCodeButtonView.swift in Sources */,
				65214A3F286332200049471D /* TabBarController.swift in Sources */,
				65214A25286330760049471D /* AppDelegate.swift in Sources */,
				65214A27286330760049471D /* SceneDelegate.swift in Sources */,
				6539BF282869C6C300B08943 /* AppViewController.swift in Sources */,
				6539BF2D2869D0B900B08943 /* FeatureSectionCollectionViewCell.swift in Sources */,
				65D187ED28633F2300FD3E19 /* TodayCollectionHeaderView.swift in Sources */,
				65214A4528633B080049471D /* TodayCollectionViewCell.swift in Sources */,
				6539BF2B2869CC8500B08943 /* FeatureSectionView.swift in Sources */,
				6539BF332869DC4600B08943 /* RankingFeatureCollectionViewCell.swift in Sources */,
				6539BF312869D60F00B08943 /* RankingFeatureSectionView.swift in Sources */,
			);
			runOnlyForDeploymentPostprocessing = 0;
		};
/* End PBXSourcesBuildPhase section */

/* Begin PBXVariantGroup section */
		65214A2F286330770049471D /* LaunchScreen.storyboard */ = {
			isa = PBXVariantGroup;
			children = (
				65214A30286330770049471D /* Base */,
			);
			name = LaunchScreen.storyboard;
			sourceTree = "<group>";
		};
/* End PBXVariantGroup section */

/* Begin XCBuildConfiguration section */
		65214A33286330770049471D /* Debug */ = {
			isa = XCBuildConfiguration;
			buildSettings = {
				ALWAYS_SEARCH_USER_PATHS = NO;
				CLANG_ANALYZER_NONNULL = YES;
				CLANG_ANALYZER_NUMBER_OBJECT_CONVERSION = YES_AGGRESSIVE;
				CLANG_CXX_LANGUAGE_STANDARD = "gnu++17";
				CLANG_ENABLE_MODULES = YES;
				CLANG_ENABLE_OBJC_ARC = YES;
				CLANG_ENABLE_OBJC_WEAK = YES;
				CLANG_WARN_BLOCK_CAPTURE_AUTORELEASING = YES;
				CLANG_WARN_BOOL_CONVERSION = YES;
				CLANG_WARN_COMMA = YES;
				CLANG_WARN_CONSTANT_CONVERSION = YES;
				CLANG_WARN_DEPRECATED_OBJC_IMPLEMENTATIONS = YES;
				CLANG_WARN_DIRECT_OBJC_ISA_USAGE = YES_ERROR;
				CLANG_WARN_DOCUMENTATION_COMMENTS = YES;
				CLANG_WARN_EMPTY_BODY = YES;
				CLANG_WARN_ENUM_CONVERSION = YES;
				CLANG_WARN_INFINITE_RECURSION = YES;
				CLANG_WARN_INT_CONVERSION = YES;
				CLANG_WARN_NON_LITERAL_NULL_CONVERSION = YES;
				CLANG_WARN_OBJC_IMPLICIT_RETAIN_SELF = YES;
				CLANG_WARN_OBJC_LITERAL_CONVERSION = YES;
				CLANG_WARN_OBJC_ROOT_CLASS = YES_ERROR;
				CLANG_WARN_QUOTED_INCLUDE_IN_FRAMEWORK_HEADER = YES;
				CLANG_WARN_RANGE_LOOP_ANALYSIS = YES;
				CLANG_WARN_STRICT_PROTOTYPES = YES;
				CLANG_WARN_SUSPICIOUS_MOVE = YES;
				CLANG_WARN_UNGUARDED_AVAILABILITY = YES_AGGRESSIVE;
				CLANG_WARN_UNREACHABLE_CODE = YES;
				CLANG_WARN__DUPLICATE_METHOD_MATCH = YES;
				COPY_PHASE_STRIP = NO;
				DEBUG_INFORMATION_FORMAT = dwarf;
				ENABLE_STRICT_OBJC_MSGSEND = YES;
				ENABLE_TESTABILITY = YES;
				GCC_C_LANGUAGE_STANDARD = gnu11;
				GCC_DYNAMIC_NO_PIC = NO;
				GCC_NO_COMMON_BLOCKS = YES;
				GCC_OPTIMIZATION_LEVEL = 0;
				GCC_PREPROCESSOR_DEFINITIONS = (
					"DEBUG=1",
					"$(inherited)",
				);
				GCC_WARN_64_TO_32_BIT_CONVERSION = YES;
				GCC_WARN_ABOUT_RETURN_TYPE = YES_ERROR;
				GCC_WARN_UNDECLARED_SELECTOR = YES;
				GCC_WARN_UNINITIALIZED_AUTOS = YES_AGGRESSIVE;
				GCC_WARN_UNUSED_FUNCTION = YES;
				GCC_WARN_UNUSED_VARIABLE = YES;
				IPHONEOS_DEPLOYMENT_TARGET = 15.5;
				MTL_ENABLE_DEBUG_INFO = INCLUDE_SOURCE;
				MTL_FAST_MATH = YES;
				ONLY_ACTIVE_ARCH = YES;
				SDKROOT = iphoneos;
				SWIFT_ACTIVE_COMPILATION_CONDITIONS = DEBUG;
				SWIFT_OPTIMIZATION_LEVEL = "-Onone";
			};
			name = Debug;
		};
		65214A34286330770049471D /* Release */ = {
			isa = XCBuildConfiguration;
			buildSettings = {
				ALWAYS_SEARCH_USER_PATHS = NO;
				CLANG_ANALYZER_NONNULL = YES;
				CLANG_ANALYZER_NUMBER_OBJECT_CONVERSION = YES_AGGRESSIVE;
				CLANG_CXX_LANGUAGE_STANDARD = "gnu++17";
				CLANG_ENABLE_MODULES = YES;
				CLANG_ENABLE_OBJC_ARC = YES;
				CLANG_ENABLE_OBJC_WEAK = YES;
				CLANG_WARN_BLOCK_CAPTURE_AUTORELEASING = YES;
				CLANG_WARN_BOOL_CONVERSION = YES;
				CLANG_WARN_COMMA = YES;
				CLANG_WARN_CONSTANT_CONVERSION = YES;
				CLANG_WARN_DEPRECATED_OBJC_IMPLEMENTATIONS = YES;
				CLANG_WARN_DIRECT_OBJC_ISA_USAGE = YES_ERROR;
				CLANG_WARN_DOCUMENTATION_COMMENTS = YES;
				CLANG_WARN_EMPTY_BODY = YES;
				CLANG_WARN_ENUM_CONVERSION = YES;
				CLANG_WARN_INFINITE_RECURSION = YES;
				CLANG_WARN_INT_CONVERSION = YES;
				CLANG_WARN_NON_LITERAL_NULL_CONVERSION = YES;
				CLANG_WARN_OBJC_IMPLICIT_RETAIN_SELF = YES;
				CLANG_WARN_OBJC_LITERAL_CONVERSION = YES;
				CLANG_WARN_OBJC_ROOT_CLASS = YES_ERROR;
				CLANG_WARN_QUOTED_INCLUDE_IN_FRAMEWORK_HEADER = YES;
				CLANG_WARN_RANGE_LOOP_ANALYSIS = YES;
				CLANG_WARN_STRICT_PROTOTYPES = YES;
				CLANG_WARN_SUSPICIOUS_MOVE = YES;
				CLANG_WARN_UNGUARDED_AVAILABILITY = YES_AGGRESSIVE;
				CLANG_WARN_UNREACHABLE_CODE = YES;
				CLANG_WARN__DUPLICATE_METHOD_MATCH = YES;
				COPY_PHASE_STRIP = NO;
				DEBUG_INFORMATION_FORMAT = "dwarf-with-dsym";
				ENABLE_NS_ASSERTIONS = NO;
				ENABLE_STRICT_OBJC_MSGSEND = YES;
				GCC_C_LANGUAGE_STANDARD = gnu11;
				GCC_NO_COMMON_BLOCKS = YES;
				GCC_WARN_64_TO_32_BIT_CONVERSION = YES;
				GCC_WARN_ABOUT_RETURN_TYPE = YES_ERROR;
				GCC_WARN_UNDECLARED_SELECTOR = YES;
				GCC_WARN_UNINITIALIZED_AUTOS = YES_AGGRESSIVE;
				GCC_WARN_UNUSED_FUNCTION = YES;
				GCC_WARN_UNUSED_VARIABLE = YES;
				IPHONEOS_DEPLOYMENT_TARGET = 15.5;
				MTL_ENABLE_DEBUG_INFO = NO;
				MTL_FAST_MATH = YES;
				SDKROOT = iphoneos;
				SWIFT_COMPILATION_MODE = wholemodule;
				SWIFT_OPTIMIZATION_LEVEL = "-O";
				VALIDATE_PRODUCT = YES;
			};
			name = Release;
		};
		65214A36286330770049471D /* Debug */ = {
			isa = XCBuildConfiguration;
			buildSettings = {
				ASSETCATALOG_COMPILER_APPICON_NAME = AppIcon;
				ASSETCATALOG_COMPILER_GLOBAL_ACCENT_COLOR_NAME = AccentColor;
				CODE_SIGN_STYLE = Automatic;
				CURRENT_PROJECT_VERSION = 1;
				DEVELOPMENT_TEAM = B434W34DLF;
				GENERATE_INFOPLIST_FILE = YES;
				INFOPLIST_FILE = AppStore/Info.plist;
				INFOPLIST_KEY_UIApplicationSupportsIndirectInputEvents = YES;
				INFOPLIST_KEY_UILaunchStoryboardName = LaunchScreen;
				INFOPLIST_KEY_UISupportedInterfaceOrientations_iPad = "UIInterfaceOrientationPortrait UIInterfaceOrientationPortraitUpsideDown UIInterfaceOrientationLandscapeLeft UIInterfaceOrientationLandscapeRight";
				INFOPLIST_KEY_UISupportedInterfaceOrientations_iPhone = "UIInterfaceOrientationPortrait UIInterfaceOrientationLandscapeLeft UIInterfaceOrientationLandscapeRight";
				LD_RUNPATH_SEARCH_PATHS = (
					"$(inherited)",
					"@executable_path/Frameworks",
				);
				MARKETING_VERSION = 1.0;
				PRODUCT_BUNDLE_IDENTIFIER = "kr.ac.kpu.-.AppStore";
				PRODUCT_NAME = "$(TARGET_NAME)";
				SWIFT_EMIT_LOC_STRINGS = YES;
				SWIFT_VERSION = 5.0;
				TARGETED_DEVICE_FAMILY = "1,2";
			};
			name = Debug;
		};
		65214A37286330770049471D /* Release */ = {
			isa = XCBuildConfiguration;
			buildSettings = {
				ASSETCATALOG_COMPILER_APPICON_NAME = AppIcon;
				ASSETCATALOG_COMPILER_GLOBAL_ACCENT_COLOR_NAME = AccentColor;
				CODE_SIGN_STYLE = Automatic;
				CURRENT_PROJECT_VERSION = 1;
				DEVELOPMENT_TEAM = B434W34DLF;
				GENERATE_INFOPLIST_FILE = YES;
				INFOPLIST_FILE = AppStore/Info.plist;
				INFOPLIST_KEY_UIApplicationSupportsIndirectInputEvents = YES;
				INFOPLIST_KEY_UILaunchStoryboardName = LaunchScreen;
				INFOPLIST_KEY_UISupportedInterfaceOrientations_iPad = "UIInterfaceOrientationPortrait UIInterfaceOrientationPortraitUpsideDown UIInterfaceOrientationLandscapeLeft UIInterfaceOrientationLandscapeRight";
				INFOPLIST_KEY_UISupportedInterfaceOrientations_iPhone = "UIInterfaceOrientationPortrait UIInterfaceOrientationLandscapeLeft UIInterfaceOrientationLandscapeRight";
				LD_RUNPATH_SEARCH_PATHS = (
					"$(inherited)",
					"@executable_path/Frameworks",
				);
				MARKETING_VERSION = 1.0;
				PRODUCT_BUNDLE_IDENTIFIER = "kr.ac.kpu.-.AppStore";
				PRODUCT_NAME = "$(TARGET_NAME)";
				SWIFT_EMIT_LOC_STRINGS = YES;
				SWIFT_VERSION = 5.0;
				TARGETED_DEVICE_FAMILY = "1,2";
			};
			name = Release;
		};
/* End XCBuildConfiguration section */

/* Begin XCConfigurationList section */
		65214A1C286330760049471D /* Build configuration list for PBXProject "AppStore" */ = {
			isa = XCConfigurationList;
			buildConfigurations = (
				65214A33286330770049471D /* Debug */,
				65214A34286330770049471D /* Release */,
			);
			defaultConfigurationIsVisible = 0;
			defaultConfigurationName = Release;
		};
		65214A35286330770049471D /* Build configuration list for PBXNativeTarget "AppStore" */ = {
			isa = XCConfigurationList;
			buildConfigurations = (
				65214A36286330770049471D /* Debug */,
				65214A37286330770049471D /* Release */,
			);
			defaultConfigurationIsVisible = 0;
			defaultConfigurationName = Release;
		};
/* End XCConfigurationList section */

/* Begin XCRemoteSwiftPackageReference section */
		65214A38286330A20049471D /* XCRemoteSwiftPackageReference "Kingfisher" */ = {
			isa = XCRemoteSwiftPackageReference;
			repositoryURL = "https://github.com/onevcat/Kingfisher.git";
			requirement = {
				kind = upToNextMajorVersion;
				minimumVersion = 7.0.0;
			};
		};
		65214A3B286330B20049471D /* XCRemoteSwiftPackageReference "SnapKit" */ = {
			isa = XCRemoteSwiftPackageReference;
			repositoryURL = "https://github.com/SnapKit/SnapKit.git";
			requirement = {
				kind = upToNextMajorVersion;
				minimumVersion = 5.0.0;
			};
		};
/* End XCRemoteSwiftPackageReference section */

/* Begin XCSwiftPackageProductDependency section */
		65214A39286330A20049471D /* Kingfisher */ = {
			isa = XCSwiftPackageProductDependency;
			package = 65214A38286330A20049471D /* XCRemoteSwiftPackageReference "Kingfisher" */;
			productName = Kingfisher;
		};
		65214A3C286330B20049471D /* SnapKit */ = {
			isa = XCSwiftPackageProductDependency;
			package = 65214A3B286330B20049471D /* XCRemoteSwiftPackageReference "SnapKit" */;
			productName = SnapKit;
		};
/* End XCSwiftPackageProductDependency section */
	};
	rootObject = 65214A19286330760049471D /* Project object */;
}
